
Microsoft Visual Studio Solution File, Format Version 12.00
# Visual Studio Version 16
VisualStudioVersion = 16.0.29920.165
MinimumVisualStudioVersion = 10.0.40219.1
Project("{9A19103F-16F7-4668-BE54-9A1E7A4F7556}") = "ElectronicsStore.API", "ElectronicsStore.API\ElectronicsStore.API.csproj", "{AF20A67F-4E4D-4D9F-A6D9-45BC308A075B}"
EndProject
Project("{9A19103F-16F7-4668-BE54-9A1E7A4F7556}") = "ElecronicsStore.DB", "ElecronicsStore.DB\ElecronicsStore.DB.csproj", "{2102AEF6-D6E5-48EF-AC76-505CAFD018B0}"
EndProject
Project("{9A19103F-16F7-4668-BE54-9A1E7A4F7556}") = "ElectronicsStore.Repository", "ElectronicsStore.Repository\ElectronicsStore.Repository.csproj", "{6BD0164C-4430-4D3D-A5E5-630363920CC6}"
EndProject
Project("{9A19103F-16F7-4668-BE54-9A1E7A4F7556}") = "ElectronicsStore.Core", "ElectronicsStore.Core\ElectronicsStore.Core.csproj", "{4D6408C3-FA08-4D8B-80C7-8595D314E785}"
EndProject
Global
	GlobalSection(SolutionConfigurationPlatforms) = preSolution
		Debug|Any CPU = Debug|Any CPU
		Release|Any CPU = Release|Any CPU
	EndGlobalSection
	GlobalSection(ProjectConfigurationPlatforms) = postSolution
		{AF20A67F-4E4D-4D9F-A6D9-45BC308A075B}.Debug|Any CPU.ActiveCfg = Debug|Any CPU
		{AF20A67F-4E4D-4D9F-A6D9-45BC308A075B}.Debug|Any CPU.Build.0 = Debug|Any CPU
		{AF20A67F-4E4D-4D9F-A6D9-45BC308A075B}.Release|Any CPU.ActiveCfg = Release|Any CPU
		{AF20A67F-4E4D-4D9F-A6D9-45BC308A075B}.Release|Any CPU.Build.0 = Release|Any CPU
		{2102AEF6-D6E5-48EF-AC76-505CAFD018B0}.Debug|Any CPU.ActiveCfg = Debug|Any CPU
		{2102AEF6-D6E5-48EF-AC76-505CAFD018B0}.Debug|Any CPU.Build.0 = Debug|Any CPU
		{2102AEF6-D6E5-48EF-AC76-505CAFD018B0}.Release|Any CPU.ActiveCfg = Release|Any CPU
		{2102AEF6-D6E5-48EF-AC76-505CAFD018B0}.Release|Any CPU.Build.0 = Release|Any CPU
		{6BD0164C-4430-4D3D-A5E5-630363920CC6}.Debug|Any CPU.ActiveCfg = Debug|Any CPU
		{6BD0164C-4430-4D3D-A5E5-630363920CC6}.Debug|Any CPU.Build.0 = Debug|Any CPU
		{6BD0164C-4430-4D3D-A5E5-630363920CC6}.Release|Any CPU.ActiveCfg = Release|Any CPU
		{6BD0164C-4430-4D3D-A5E5-630363920CC6}.Release|Any CPU.Build.0 = Release|Any CPU
		{4D6408C3-FA08-4D8B-80C7-8595D314E785}.Debug|Any CPU.ActiveCfg = Debug|Any CPU
		{4D6408C3-FA08-4D8B-80C7-8595D314E785}.Debug|Any CPU.Build.0 = Debug|Any CPU
		{4D6408C3-FA08-4D8B-80C7-8595D314E785}.Release|Any CPU.ActiveCfg = Release|Any CPU
		{4D6408C3-FA08-4D8B-80C7-8595D314E785}.Release|Any CPU.Build.0 = Release|Any CPU
	EndGlobalSection
	GlobalSection(SolutionProperties) = preSolution
		HideSolutionNode = FALSE
	EndGlobalSection
	GlobalSection(ExtensibilityGlobals) = postSolution
		SolutionGuid = {615ACD64-E66B-4BB3-B84B-0D39BB28702C}
	EndGlobalSection
EndGlobal
